
Microsoft Visual Studio Solution File, Format Version 12.00
# Visual Studio 14
VisualStudioVersion = 14.0.25123.0
MinimumVisualStudioVersion = 10.0.40219.1
Project("{FAE04EC0-301F-11D3-BF4B-00C04F79EFBC}") = "GitHubProject.Droid", "GitHubProject\GitHubProject.Droid\GitHubProject.Droid.csproj", "{2F5D6E5A-AE3C-4BDA-9E95-E008EC7FC785}"
EndProject
Project("{FAE04EC0-301F-11D3-BF4B-00C04F79EFBC}") = "GitHubProject.iOS", "GitHubProject\GitHubProject.iOS\GitHubProject.iOS.csproj", "{06314BD2-ACC3-4BB8-8E11-488184F70C33}"
EndProject
Project("{FAE04EC0-301F-11D3-BF4B-00C04F79EFBC}") = "GitHubProject.WinPhone", "GitHubProject\GitHubProject.WinPhone\GitHubProject.WinPhone.csproj", "{814A717F-1200-497E-BACC-C1DDABF6538F}"
EndProject
Project("{FAE04EC0-301F-11D3-BF4B-00C04F79EFBC}") = "GitHubProject", "GitHubProject\GitHubProject\GitHubProject.csproj", "{08B02F74-32DC-473A-AA23-40FB45FE6612}"
EndProject
Global
	GlobalSection(SolutionConfigurationPlatforms) = preSolution
		Ad-Hoc|Any CPU = Ad-Hoc|Any CPU
		Ad-Hoc|ARM = Ad-Hoc|ARM
		Ad-Hoc|iPhone = Ad-Hoc|iPhone
		Ad-Hoc|iPhoneSimulator = Ad-Hoc|iPhoneSimulator
		Ad-Hoc|x64 = Ad-Hoc|x64
		Ad-Hoc|x86 = Ad-Hoc|x86
		AppStore|Any CPU = AppStore|Any CPU
		AppStore|ARM = AppStore|ARM
		AppStore|iPhone = AppStore|iPhone
		AppStore|iPhoneSimulator = AppStore|iPhoneSimulator
		AppStore|x64 = AppStore|x64
		AppStore|x86 = AppStore|x86
		Debug|Any CPU = Debug|Any CPU
		Debug|ARM = Debug|ARM
		Debug|iPhone = Debug|iPhone
		Debug|iPhoneSimulator = Debug|iPhoneSimulator
		Debug|x64 = Debug|x64
		Debug|x86 = Debug|x86
		Release|Any CPU = Release|Any CPU
		Release|ARM = Release|ARM
		Release|iPhone = Release|iPhone
		Release|iPhoneSimulator = Release|iPhoneSimulator
		Release|x64 = Release|x64
		Release|x86 = Release|x86
	EndGlobalSection
	GlobalSection(ProjectConfigurationPlatforms) = postSolution
		{2F5D6E5A-AE3C-4BDA-9E95-E008EC7FC785}.Ad-Hoc|Any CPU.ActiveCfg = Release|Any CPU
		{2F5D6E5A-AE3C-4BDA-9E95-E008EC7FC785}.Ad-Hoc|Any CPU.Build.0 = Release|Any CPU
		{2F5D6E5A-AE3C-4BDA-9E95-E008EC7FC785}.Ad-Hoc|Any CPU.Deploy.0 = Release|Any CPU
		{2F5D6E5A-AE3C-4BDA-9E95-E008EC7FC785}.Ad-Hoc|ARM.ActiveCfg = Release|Any CPU
		{2F5D6E5A-AE3C-4BDA-9E95-E008EC7FC785}.Ad-Hoc|ARM.Build.0 = Release|Any CPU
		{2F5D6E5A-AE3C-4BDA-9E95-E008EC7FC785}.Ad-Hoc|ARM.Deploy.0 = Release|Any CPU
		{2F5D6E5A-AE3C-4BDA-9E95-E008EC7FC785}.Ad-Hoc|iPhone.ActiveCfg = Release|Any CPU
		{2F5D6E5A-AE3C-4BDA-9E95-E008EC7FC785}.Ad-Hoc|iPhone.Build.0 = Release|Any CPU
		{2F5D6E5A-AE3C-4BDA-9E95-E008EC7FC785}.Ad-Hoc|iPhone.Deploy.0 = Release|Any CPU
		{2F5D6E5A-AE3C-4BDA-9E95-E008EC7FC785}.Ad-Hoc|iPhoneSimulator.ActiveCfg = Release|Any CPU
		{2F5D6E5A-AE3C-4BDA-9E95-E008EC7FC785}.Ad-Hoc|iPhoneSimulator.Build.0 = Release|Any CPU
		{2F5D6E5A-AE3C-4BDA-9E95-E008EC7FC785}.Ad-Hoc|iPhoneSimulator.Deploy.0 = Release|Any CPU
		{2F5D6E5A-AE3C-4BDA-9E95-E008EC7FC785}.Ad-Hoc|x64.ActiveCfg = Release|Any CPU
		{2F5D6E5A-AE3C-4BDA-9E95-E008EC7FC785}.Ad-Hoc|x64.Build.0 = Release|Any CPU
		{2F5D6E5A-AE3C-4BDA-9E95-E008EC7FC785}.Ad-Hoc|x64.Deploy.0 = Release|Any CPU
		{2F5D6E5A-AE3C-4BDA-9E95-E008EC7FC785}.Ad-Hoc|x86.ActiveCfg = Release|Any CPU
		{2F5D6E5A-AE3C-4BDA-9E95-E008EC7FC785}.Ad-Hoc|x86.Build.0 = Release|Any CPU
		{2F5D6E5A-AE3C-4BDA-9E95-E008EC7FC785}.Ad-Hoc|x86.Deploy.0 = Release|Any CPU
		{2F5D6E5A-AE3C-4BDA-9E95-E008EC7FC785}.AppStore|Any CPU.ActiveCfg = Release|Any CPU
		{2F5D6E5A-AE3C-4BDA-9E95-E008EC7FC785}.AppStore|Any CPU.Build.0 = Release|Any CPU
		{2F5D6E5A-AE3C-4BDA-9E95-E008EC7FC785}.AppStore|Any CPU.Deploy.0 = Release|Any CPU
		{2F5D6E5A-AE3C-4BDA-9E95-E008EC7FC785}.AppStore|ARM.ActiveCfg = Release|Any CPU
		{2F5D6E5A-AE3C-4BDA-9E95-E008EC7FC785}.AppStore|ARM.Build.0 = Release|Any CPU
		{2F5D6E5A-AE3C-4BDA-9E95-E008EC7FC785}.AppStore|ARM.Deploy.0 = Release|Any CPU
		{2F5D6E5A-AE3C-4BDA-9E95-E008EC7FC785}.AppStore|iPhone.ActiveCfg = Release|Any CPU
		{2F5D6E5A-AE3C-4BDA-9E95-E008EC7FC785}.AppStore|iPhone.Build.0 = Release|Any CPU
		{2F5D6E5A-AE3C-4BDA-9E95-E008EC7FC785}.AppStore|iPhone.Deploy.0 = Release|Any CPU
		{2F5D6E5A-AE3C-4BDA-9E95-E008EC7FC785}.AppStore|iPhoneSimulator.ActiveCfg = Release|Any CPU
		{2F5D6E5A-AE3C-4BDA-9E95-E008EC7FC785}.AppStore|iPhoneSimulator.Build.0 = Release|Any CPU
		{2F5D6E5A-AE3C-4BDA-9E95-E008EC7FC785}.AppStore|iPhoneSimulator.Deploy.0 = Release|Any CPU
		{2F5D6E5A-AE3C-4BDA-9E95-E008EC7FC785}.AppStore|x64.ActiveCfg = Release|Any CPU
		{2F5D6E5A-AE3C-4BDA-9E95-E008EC7FC785}.AppStore|x64.Build.0 = Release|Any CPU
		{2F5D6E5A-AE3C-4BDA-9E95-E008EC7FC785}.AppStore|x64.Deploy.0 = Release|Any CPU
		{2F5D6E5A-AE3C-4BDA-9E95-E008EC7FC785}.AppStore|x86.ActiveCfg = Release|Any CPU
		{2F5D6E5A-AE3C-4BDA-9E95-E008EC7FC785}.AppStore|x86.Build.0 = Release|Any CPU
		{2F5D6E5A-AE3C-4BDA-9E95-E008EC7FC785}.AppStore|x86.Deploy.0 = Release|Any CPU
		{2F5D6E5A-AE3C-4BDA-9E95-E008EC7FC785}.Debug|Any CPU.ActiveCfg = Debug|Any CPU
		{2F5D6E5A-AE3C-4BDA-9E95-E008EC7FC785}.Debug|Any CPU.Build.0 = Debug|Any CPU
		{2F5D6E5A-AE3C-4BDA-9E95-E008EC7FC785}.Debug|Any CPU.Deploy.0 = Debug|Any CPU
		{2F5D6E5A-AE3C-4BDA-9E95-E008EC7FC785}.Debug|ARM.ActiveCfg = Debug|Any CPU
		{2F5D6E5A-AE3C-4BDA-9E95-E008EC7FC785}.Debug|ARM.Build.0 = Debug|Any CPU
		{2F5D6E5A-AE3C-4BDA-9E95-E008EC7FC785}.Debug|ARM.Deploy.0 = Debug|Any CPU
		{2F5D6E5A-AE3C-4BDA-9E95-E008EC7FC785}.Debug|iPhone.ActiveCfg = Debug|Any CPU
		{2F5D6E5A-AE3C-4BDA-9E95-E008EC7FC785}.Debug|iPhone.Build.0 = Debug|Any CPU
		{2F5D6E5A-AE3C-4BDA-9E95-E008EC7FC785}.Debug|iPhone.Deploy.0 = Debug|Any CPU
		{2F5D6E5A-AE3C-4BDA-9E95-E008EC7FC785}.Debug|iPhoneSimulator.ActiveCfg = Debug|Any CPU
		{2F5D6E5A-AE3C-4BDA-9E95-E008EC7FC785}.Debug|iPhoneSimulator.Build.0 = Debug|Any CPU
		{2F5D6E5A-AE3C-4BDA-9E95-E008EC7FC785}.Debug|iPhoneSimulator.Deploy.0 = Debug|Any CPU
		{2F5D6E5A-AE3C-4BDA-9E95-E008EC7FC785}.Debug|x64.ActiveCfg = Debug|Any CPU
		{2F5D6E5A-AE3C-4BDA-9E95-E008EC7FC785}.Debug|x64.Build.0 = Debug|Any CPU
		{2F5D6E5A-AE3C-4BDA-9E95-E008EC7FC785}.Debug|x64.Deploy.0 = Debug|Any CPU
		{2F5D6E5A-AE3C-4BDA-9E95-E008EC7FC785}.Debug|x86.ActiveCfg = Debug|Any CPU
		{2F5D6E5A-AE3C-4BDA-9E95-E008EC7FC785}.Debug|x86.Build.0 = Debug|Any CPU
		{2F5D6E5A-AE3C-4BDA-9E95-E008EC7FC785}.Debug|x86.Deploy.0 = Debug|Any CPU
		{2F5D6E5A-AE3C-4BDA-9E95-E008EC7FC785}.Release|Any CPU.ActiveCfg = Release|Any CPU
		{2F5D6E5A-AE3C-4BDA-9E95-E008EC7FC785}.Release|Any CPU.Build.0 = Release|Any CPU
		{2F5D6E5A-AE3C-4BDA-9E95-E008EC7FC785}.Release|Any CPU.Deploy.0 = Release|Any CPU
		{2F5D6E5A-AE3C-4BDA-9E95-E008EC7FC785}.Release|ARM.ActiveCfg = Release|Any CPU
		{2F5D6E5A-AE3C-4BDA-9E95-E008EC7FC785}.Release|ARM.Build.0 = Release|Any CPU
		{2F5D6E5A-AE3C-4BDA-9E95-E008EC7FC785}.Release|ARM.Deploy.0 = Release|Any CPU
		{2F5D6E5A-AE3C-4BDA-9E95-E008EC7FC785}.Release|iPhone.ActiveCfg = Release|Any CPU
		{2F5D6E5A-AE3C-4BDA-9E95-E008EC7FC785}.Release|iPhone.Build.0 = Release|Any CPU
		{2F5D6E5A-AE3C-4BDA-9E95-E008EC7FC785}.Release|iPhone.Deploy.0 = Release|Any CPU
		{2F5D6E5A-AE3C-4BDA-9E95-E008EC7FC785}.Release|iPhoneSimulator.ActiveCfg = Release|Any CPU
		{2F5D6E5A-AE3C-4BDA-9E95-E008EC7FC785}.Release|iPhoneSimulator.Build.0 = Release|Any CPU
		{2F5D6E5A-AE3C-4BDA-9E95-E008EC7FC785}.Release|iPhoneSimulator.Deploy.0 = Release|Any CPU
		{2F5D6E5A-AE3C-4BDA-9E95-E008EC7FC785}.Release|x64.ActiveCfg = Release|Any CPU
		{2F5D6E5A-AE3C-4BDA-9E95-E008EC7FC785}.Release|x64.Build.0 = Release|Any CPU
		{2F5D6E5A-AE3C-4BDA-9E95-E008EC7FC785}.Release|x64.Deploy.0 = Release|Any CPU
		{2F5D6E5A-AE3C-4BDA-9E95-E008EC7FC785}.Release|x86.ActiveCfg = Release|Any CPU
		{2F5D6E5A-AE3C-4BDA-9E95-E008EC7FC785}.Release|x86.Build.0 = Release|Any CPU
		{2F5D6E5A-AE3C-4BDA-9E95-E008EC7FC785}.Release|x86.Deploy.0 = Release|Any CPU
		{06314BD2-ACC3-4BB8-8E11-488184F70C33}.Ad-Hoc|Any CPU.ActiveCfg = Ad-Hoc|iPhone
		{06314BD2-ACC3-4BB8-8E11-488184F70C33}.Ad-Hoc|ARM.ActiveCfg = Ad-Hoc|iPhone
		{06314BD2-ACC3-4BB8-8E11-488184F70C33}.Ad-Hoc|iPhone.ActiveCfg = Ad-Hoc|iPhone
		{06314BD2-ACC3-4BB8-8E11-488184F70C33}.Ad-Hoc|iPhone.Build.0 = Ad-Hoc|iPhone
		{06314BD2-ACC3-4BB8-8E11-488184F70C33}.Ad-Hoc|iPhoneSimulator.ActiveCfg = Ad-Hoc|iPhoneSimulator
		{06314BD2-ACC3-4BB8-8E11-488184F70C33}.Ad-Hoc|iPhoneSimulator.Build.0 = Ad-Hoc|iPhoneSimulator
		{06314BD2-ACC3-4BB8-8E11-488184F70C33}.Ad-Hoc|x64.ActiveCfg = Ad-Hoc|iPhone
		{06314BD2-ACC3-4BB8-8E11-488184F70C33}.Ad-Hoc|x86.ActiveCfg = Ad-Hoc|iPhone
		{06314BD2-ACC3-4BB8-8E11-488184F70C33}.AppStore|Any CPU.ActiveCfg = AppStore|iPhone
		{06314BD2-ACC3-4BB8-8E11-488184F70C33}.AppStore|ARM.ActiveCfg = AppStore|iPhone
		{06314BD2-ACC3-4BB8-8E11-488184F70C33}.AppStore|iPhone.ActiveCfg = AppStore|iPhone
		{06314BD2-ACC3-4BB8-8E11-488184F70C33}.AppStore|iPhone.Build.0 = AppStore|iPhone
		{06314BD2-ACC3-4BB8-8E11-488184F70C33}.AppStore|iPhoneSimulator.ActiveCfg = AppStore|iPhoneSimulator
		{06314BD2-ACC3-4BB8-8E11-488184F70C33}.AppStore|iPhoneSimulator.Build.0 = AppStore|iPhoneSimulator
		{06314BD2-ACC3-4BB8-8E11-488184F70C33}.AppStore|x64.ActiveCfg = AppStore|iPhone
		{06314BD2-ACC3-4BB8-8E11-488184F70C33}.AppStore|x86.ActiveCfg = AppStore|iPhone
		{06314BD2-ACC3-4BB8-8E11-488184F70C33}.Debug|Any CPU.ActiveCfg = Debug|iPhone
		{06314BD2-ACC3-4BB8-8E11-488184F70C33}.Debug|ARM.ActiveCfg = Debug|iPhone
		{06314BD2-ACC3-4BB8-8E11-488184F70C33}.Debug|iPhone.ActiveCfg = Debug|iPhone
		{06314BD2-ACC3-4BB8-8E11-488184F70C33}.Debug|iPhone.Build.0 = Debug|iPhone
		{06314BD2-ACC3-4BB8-8E11-488184F70C33}.Debug|iPhoneSimulator.ActiveCfg = Debug|iPhoneSimulator
		{06314BD2-ACC3-4BB8-8E11-488184F70C33}.Debug|iPhoneSimulator.Build.0 = Debug|iPhoneSimulator
		{06314BD2-ACC3-4BB8-8E11-488184F70C33}.Debug|x64.ActiveCfg = Debug|iPhone
		{06314BD2-ACC3-4BB8-8E11-488184F70C33}.Debug|x86.ActiveCfg = Debug|iPhone
		{06314BD2-ACC3-4BB8-8E11-488184F70C33}.Release|Any CPU.ActiveCfg = Release|iPhone
		{06314BD2-ACC3-4BB8-8E11-488184F70C33}.Release|ARM.ActiveCfg = Release|iPhone
		{06314BD2-ACC3-4BB8-8E11-488184F70C33}.Release|iPhone.ActiveCfg = Release|iPhone
		{06314BD2-ACC3-4BB8-8E11-488184F70C33}.Release|iPhone.Build.0 = Release|iPhone
		{06314BD2-ACC3-4BB8-8E11-488184F70C33}.Release|iPhoneSimulator.ActiveCfg = Release|iPhoneSimulator
		{06314BD2-ACC3-4BB8-8E11-488184F70C33}.Release|iPhoneSimulator.Build.0 = Release|iPhoneSimulator
		{06314BD2-ACC3-4BB8-8E11-488184F70C33}.Release|x64.ActiveCfg = Release|iPhone
		{06314BD2-ACC3-4BB8-8E11-488184F70C33}.Release|x86.ActiveCfg = Release|iPhone
		{814A717F-1200-497E-BACC-C1DDABF6538F}.Ad-Hoc|Any CPU.ActiveCfg = Release|Any CPU
		{814A717F-1200-497E-BACC-C1DDABF6538F}.Ad-Hoc|Any CPU.Build.0 = Release|Any CPU
		{814A717F-1200-497E-BACC-C1DDABF6538F}.Ad-Hoc|Any CPU.Deploy.0 = Release|Any CPU
		{814A717F-1200-497E-BACC-C1DDABF6538F}.Ad-Hoc|ARM.ActiveCfg = Release|ARM
		{814A717F-1200-497E-BACC-C1DDABF6538F}.Ad-Hoc|ARM.Build.0 = Release|ARM
		{814A717F-1200-497E-BACC-C1DDABF6538F}.Ad-Hoc|ARM.Deploy.0 = Release|ARM
		{814A717F-1200-497E-BACC-C1DDABF6538F}.Ad-Hoc|iPhone.ActiveCfg = Release|Any CPU
		{814A717F-1200-497E-BACC-C1DDABF6538F}.Ad-Hoc|iPhone.Build.0 = Release|Any CPU
		{814A717F-1200-497E-BACC-C1DDABF6538F}.Ad-Hoc|iPhone.Deploy.0 = Release|Any CPU
		{814A717F-1200-497E-BACC-C1DDABF6538F}.Ad-Hoc|iPhoneSimulator.ActiveCfg = Release|Any CPU
		{814A717F-1200-497E-BACC-C1DDABF6538F}.Ad-Hoc|iPhoneSimulator.Build.0 = Release|Any CPU
		{814A717F-1200-497E-BACC-C1DDABF6538F}.Ad-Hoc|iPhoneSimulator.Deploy.0 = Release|Any CPU
		{814A717F-1200-497E-BACC-C1DDABF6538F}.Ad-Hoc|x64.ActiveCfg = Release|Any CPU
		{814A717F-1200-497E-BACC-C1DDABF6538F}.Ad-Hoc|x64.Build.0 = Release|Any CPU
		{814A717F-1200-497E-BACC-C1DDABF6538F}.Ad-Hoc|x64.Deploy.0 = Release|Any CPU
		{814A717F-1200-497E-BACC-C1DDABF6538F}.Ad-Hoc|x86.ActiveCfg = Release|x86
		{814A717F-1200-497E-BACC-C1DDABF6538F}.Ad-Hoc|x86.Build.0 = Release|x86
		{814A717F-1200-497E-BACC-C1DDABF6538F}.Ad-Hoc|x86.Deploy.0 = Release|x86
		{814A717F-1200-497E-BACC-C1DDABF6538F}.AppStore|Any CPU.ActiveCfg = Release|Any CPU
		{814A717F-1200-497E-BACC-C1DDABF6538F}.AppStore|Any CPU.Build.0 = Release|Any CPU
		{814A717F-1200-497E-BACC-C1DDABF6538F}.AppStore|Any CPU.Deploy.0 = Release|Any CPU
		{814A717F-1200-497E-BACC-C1DDABF6538F}.AppStore|ARM.ActiveCfg = Release|ARM
		{814A717F-1200-497E-BACC-C1DDABF6538F}.AppStore|ARM.Build.0 = Release|ARM
		{814A717F-1200-497E-BACC-C1DDABF6538F}.AppStore|ARM.Deploy.0 = Release|ARM
		{814A717F-1200-497E-BACC-C1DDABF6538F}.AppStore|iPhone.ActiveCfg = Release|Any CPU
		{814A717F-1200-497E-BACC-C1DDABF6538F}.AppStore|iPhone.Build.0 = Release|Any CPU
		{814A717F-1200-497E-BACC-C1DDABF6538F}.AppStore|iPhone.Deploy.0 = Release|Any CPU
		{814A717F-1200-497E-BACC-C1DDABF6538F}.AppStore|iPhoneSimulator.ActiveCfg = Release|Any CPU
		{814A717F-1200-497E-BACC-C1DDABF6538F}.AppStore|iPhoneSimulator.Build.0 = Release|Any CPU
		{814A717F-1200-497E-BACC-C1DDABF6538F}.AppStore|iPhoneSimulator.Deploy.0 = Release|Any CPU
		{814A717F-1200-497E-BACC-C1DDABF6538F}.AppStore|x64.ActiveCfg = Release|Any CPU
		{814A717F-1200-497E-BACC-C1DDABF6538F}.AppStore|x64.Build.0 = Release|Any CPU
		{814A717F-1200-497E-BACC-C1DDABF6538F}.AppStore|x64.Deploy.0 = Release|Any CPU
		{814A717F-1200-497E-BACC-C1DDABF6538F}.AppStore|x86.ActiveCfg = Release|x86
		{814A717F-1200-497E-BACC-C1DDABF6538F}.AppStore|x86.Build.0 = Release|x86
		{814A717F-1200-497E-BACC-C1DDABF6538F}.AppStore|x86.Deploy.0 = Release|x86
		{814A717F-1200-497E-BACC-C1DDABF6538F}.Debug|Any CPU.ActiveCfg = Debug|Any CPU
		{814A717F-1200-497E-BACC-C1DDABF6538F}.Debug|Any CPU.Build.0 = Debug|Any CPU
		{814A717F-1200-497E-BACC-C1DDABF6538F}.Debug|Any CPU.Deploy.0 = Debug|Any CPU
		{814A717F-1200-497E-BACC-C1DDABF6538F}.Debug|ARM.ActiveCfg = Debug|ARM
		{814A717F-1200-497E-BACC-C1DDABF6538F}.Debug|ARM.Build.0 = Debug|ARM
		{814A717F-1200-497E-BACC-C1DDABF6538F}.Debug|ARM.Deploy.0 = Debug|ARM
		{814A717F-1200-497E-BACC-C1DDABF6538F}.Debug|iPhone.ActiveCfg = Debug|Any CPU
		{814A717F-1200-497E-BACC-C1DDABF6538F}.Debug|iPhone.Build.0 = Debug|Any CPU
		{814A717F-1200-497E-BACC-C1DDABF6538F}.Debug|iPhone.Deploy.0 = Debug|Any CPU
		{814A717F-1200-497E-BACC-C1DDABF6538F}.Debug|iPhoneSimulator.ActiveCfg = Debug|Any CPU
		{814A717F-1200-497E-BACC-C1DDABF6538F}.Debug|iPhoneSimulator.Build.0 = Debug|Any CPU
		{814A717F-1200-497E-BACC-C1DDABF6538F}.Debug|iPhoneSimulator.Deploy.0 = Debug|Any CPU
		{814A717F-1200-497E-BACC-C1DDABF6538F}.Debug|x64.ActiveCfg = Debug|Any CPU
		{814A717F-1200-497E-BACC-C1DDABF6538F}.Debug|x64.Build.0 = Debug|Any CPU
		{814A717F-1200-497E-BACC-C1DDABF6538F}.Debug|x64.Deploy.0 = Debug|Any CPU
		{814A717F-1200-497E-BACC-C1DDABF6538F}.Debug|x86.ActiveCfg = Debug|x86
		{814A717F-1200-497E-BACC-C1DDABF6538F}.Debug|x86.Build.0 = Debug|x86
		{814A717F-1200-497E-BACC-C1DDABF6538F}.Debug|x86.Deploy.0 = Debug|x86
		{814A717F-1200-497E-BACC-C1DDABF6538F}.Release|Any CPU.ActiveCfg = Release|Any CPU
		{814A717F-1200-497E-BACC-C1DDABF6538F}.Release|Any CPU.Build.0 = Release|Any CPU
		{814A717F-1200-497E-BACC-C1DDABF6538F}.Release|Any CPU.Deploy.0 = Release|Any CPU
		{814A717F-1200-497E-BACC-C1DDABF6538F}.Release|ARM.ActiveCfg = Release|ARM
		{814A717F-1200-497E-BACC-C1DDABF6538F}.Release|ARM.Build.0 = Release|ARM
		{814A717F-1200-497E-BACC-C1DDABF6538F}.Release|ARM.Deploy.0 = Release|ARM
		{814A717F-1200-497E-BACC-C1DDABF6538F}.Release|iPhone.ActiveCfg = Release|Any CPU
		{814A717F-1200-497E-BACC-C1DDABF6538F}.Release|iPhone.Build.0 = Release|Any CPU
		{814A717F-1200-497E-BACC-C1DDABF6538F}.Release|iPhone.Deploy.0 = Release|Any CPU
		{814A717F-1200-497E-BACC-C1DDABF6538F}.Release|iPhoneSimulator.ActiveCfg = Release|Any CPU
		{814A717F-1200-497E-BACC-C1DDABF6538F}.Release|iPhoneSimulator.Build.0 = Release|Any CPU
		{814A717F-1200-497E-BACC-C1DDABF6538F}.Release|iPhoneSimulator.Deploy.0 = Release|Any CPU
		{814A717F-1200-497E-BACC-C1DDABF6538F}.Release|x64.ActiveCfg = Release|Any CPU
		{814A717F-1200-497E-BACC-C1DDABF6538F}.Release|x64.Build.0 = Release|Any CPU
		{814A717F-1200-497E-BACC-C1DDABF6538F}.Release|x64.Deploy.0 = Release|Any CPU
		{814A717F-1200-497E-BACC-C1DDABF6538F}.Release|x86.ActiveCfg = Release|x86
		{814A717F-1200-497E-BACC-C1DDABF6538F}.Release|x86.Build.0 = Release|x86
		{814A717F-1200-497E-BACC-C1DDABF6538F}.Release|x86.Deploy.0 = Release|x86
		{08B02F74-32DC-473A-AA23-40FB45FE6612}.Ad-Hoc|Any CPU.ActiveCfg = Release|Any CPU
		{08B02F74-32DC-473A-AA23-40FB45FE6612}.Ad-Hoc|Any CPU.Build.0 = Release|Any CPU
		{08B02F74-32DC-473A-AA23-40FB45FE6612}.Ad-Hoc|ARM.ActiveCfg = Release|Any CPU
		{08B02F74-32DC-473A-AA23-40FB45FE6612}.Ad-Hoc|ARM.Build.0 = Release|Any CPU
		{08B02F74-32DC-473A-AA23-40FB45FE6612}.Ad-Hoc|iPhone.ActiveCfg = Release|Any CPU
		{08B02F74-32DC-473A-AA23-40FB45FE6612}.Ad-Hoc|iPhone.Build.0 = Release|Any CPU
		{08B02F74-32DC-473A-AA23-40FB45FE6612}.Ad-Hoc|iPhoneSimulator.ActiveCfg = Release|Any CPU
		{08B02F74-32DC-473A-AA23-40FB45FE6612}.Ad-Hoc|iPhoneSimulator.Build.0 = Release|Any CPU
		{08B02F74-32DC-473A-AA23-40FB45FE6612}.Ad-Hoc|x64.ActiveCfg = Release|Any CPU
		{08B02F74-32DC-473A-AA23-40FB45FE6612}.Ad-Hoc|x64.Build.0 = Release|Any CPU
		{08B02F74-32DC-473A-AA23-40FB45FE6612}.Ad-Hoc|x86.ActiveCfg = Release|Any CPU
		{08B02F74-32DC-473A-AA23-40FB45FE6612}.Ad-Hoc|x86.Build.0 = Release|Any CPU
		{08B02F74-32DC-473A-AA23-40FB45FE6612}.AppStore|Any CPU.ActiveCfg = Release|Any CPU
		{08B02F74-32DC-473A-AA23-40FB45FE6612}.AppStore|Any CPU.Build.0 = Release|Any CPU
		{08B02F74-32DC-473A-AA23-40FB45FE6612}.AppStore|ARM.ActiveCfg = Release|Any CPU
		{08B02F74-32DC-473A-AA23-40FB45FE6612}.AppStore|ARM.Build.0 = Release|Any CPU
		{08B02F74-32DC-473A-AA23-40FB45FE6612}.AppStore|iPhone.ActiveCfg = Release|Any CPU
		{08B02F74-32DC-473A-AA23-40FB45FE6612}.AppStore|iPhone.Build.0 = Release|Any CPU
		{08B02F74-32DC-473A-AA23-40FB45FE6612}.AppStore|iPhoneSimulator.ActiveCfg = Release|Any CPU
		{08B02F74-32DC-473A-AA23-40FB45FE6612}.AppStore|iPhoneSimulator.Build.0 = Release|Any CPU
		{08B02F74-32DC-473A-AA23-40FB45FE6612}.AppStore|x64.ActiveCfg = Release|Any CPU
		{08B02F74-32DC-473A-AA23-40FB45FE6612}.AppStore|x64.Build.0 = Release|Any CPU
		{08B02F74-32DC-473A-AA23-40FB45FE6612}.AppStore|x86.ActiveCfg = Release|Any CPU
		{08B02F74-32DC-473A-AA23-40FB45FE6612}.AppStore|x86.Build.0 = Release|Any CPU
		{08B02F74-32DC-473A-AA23-40FB45FE6612}.Debug|Any CPU.ActiveCfg = Debug|Any CPU
		{08B02F74-32DC-473A-AA23-40FB45FE6612}.Debug|Any CPU.Build.0 = Debug|Any CPU
		{08B02F74-32DC-473A-AA23-40FB45FE6612}.Debug|ARM.ActiveCfg = Debug|Any CPU
		{08B02F74-32DC-473A-AA23-40FB45FE6612}.Debug|ARM.Build.0 = Debug|Any CPU
		{08B02F74-32DC-473A-AA23-40FB45FE6612}.Debug|iPhone.ActiveCfg = Debug|Any CPU
		{08B02F74-32DC-473A-AA23-40FB45FE6612}.Debug|iPhone.Build.0 = Debug|Any CPU
		{08B02F74-32DC-473A-AA23-40FB45FE6612}.Debug|iPhoneSimulator.ActiveCfg = Debug|Any CPU
		{08B02F74-32DC-473A-AA23-40FB45FE6612}.Debug|iPhoneSimulator.Build.0 = Debug|Any CPU
		{08B02F74-32DC-473A-AA23-40FB45FE6612}.Debug|x64.ActiveCfg = Debug|Any CPU
		{08B02F74-32DC-473A-AA23-40FB45FE6612}.Debug|x64.Build.0 = Debug|Any CPU
		{08B02F74-32DC-473A-AA23-40FB45FE6612}.Debug|x86.ActiveCfg = Debug|Any CPU
		{08B02F74-32DC-473A-AA23-40FB45FE6612}.Debug|x86.Build.0 = Debug|Any CPU
		{08B02F74-32DC-473A-AA23-40FB45FE6612}.Release|Any CPU.ActiveCfg = Release|Any CPU
		{08B02F74-32DC-473A-AA23-40FB45FE6612}.Release|Any CPU.Build.0 = Release|Any CPU
		{08B02F74-32DC-473A-AA23-40FB45FE6612}.Release|ARM.ActiveCfg = Release|Any CPU
		{08B02F74-32DC-473A-AA23-40FB45FE6612}.Release|ARM.Build.0 = Release|Any CPU
		{08B02F74-32DC-473A-AA23-40FB45FE6612}.Release|iPhone.ActiveCfg = Release|Any CPU
		{08B02F74-32DC-473A-AA23-40FB45FE6612}.Release|iPhone.Build.0 = Release|Any CPU
		{08B02F74-32DC-473A-AA23-40FB45FE6612}.Release|iPhoneSimulator.ActiveCfg = Release|Any CPU
		{08B02F74-32DC-473A-AA23-40FB45FE6612}.Release|iPhoneSimulator.Build.0 = Release|Any CPU
		{08B02F74-32DC-473A-AA23-40FB45FE6612}.Release|x64.ActiveCfg = Release|Any CPU
		{08B02F74-32DC-473A-AA23-40FB45FE6612}.Release|x64.Build.0 = Release|Any CPU
		{08B02F74-32DC-473A-AA23-40FB45FE6612}.Release|x86.ActiveCfg = Release|Any CPU
		{08B02F74-32DC-473A-AA23-40FB45FE6612}.Release|x86.Build.0 = Release|Any CPU
	EndGlobalSection
	GlobalSection(SolutionProperties) = preSolution
		HideSolutionNode = FALSE
	EndGlobalSection
EndGlobal
